
Microsoft Visual Studio Solution File, Format Version 12.00
# Visual Studio Version 17
VisualStudioVersion = 17.0.31912.275
MinimumVisualStudioVersion = 10.0.40219.1
Project("{9A19103F-16F7-4668-BE54-9A1E7A4F7556}") = "SecurityService", "SecurityService\SecurityService.csproj", "{5840CEF3-26C0-4323-A549-5D1560B1AFFA}"
EndProject
Project("{2150E333-8FDC-42A3-9474-1A3956D46DE8}") = "src", "src", "{FBA324D4-A2B7-4539-B63E-AF254EA7DA50}"
EndProject
Project("{2150E333-8FDC-42A3-9474-1A3956D46DE8}") = "test", "test", "{62BD199E-BDB7-4D33-92E4-3FE97D5EBC91}"
EndProject
Project("{9A19103F-16F7-4668-BE54-9A1E7A4F7556}") = "SecurityServiceTestUI", "SecurityServiceTestUI\SecurityServiceTestUI.csproj", "{22896ACB-CC99-4C85-B0E1-BCECD4C6237E}"
EndProject
Project("{9A19103F-16F7-4668-BE54-9A1E7A4F7556}") = "SecurityService.BusinessLogic", "SecurityService.BusinessLogic\SecurityService.BusinessLogic.csproj", "{C2CC4428-8084-4F01-8805-C96DD5CCC8A1}"
EndProject
Project("{9A19103F-16F7-4668-BE54-9A1E7A4F7556}") = "SecurityService.Models", "SecurityService.Models\SecurityService.Models.csproj", "{30AD0D29-6620-4A66-978E-4633E1771BB4}"
EndProject
Project("{9A19103F-16F7-4668-BE54-9A1E7A4F7556}") = "SecurityService.Database", "SecurityService.Database\SecurityService.Database.csproj", "{DACF45B4-E05C-483A-B392-D3C08D98F93E}"
EndProject
Project("{9A19103F-16F7-4668-BE54-9A1E7A4F7556}") = "SecurityService.DataTransferObjects", "SecurityService.DataTransferObjects\SecurityService.DataTransferObjects.csproj", "{50CA3826-663C-423A-A872-6BFE5B43A638}"
EndProject
Project("{9A19103F-16F7-4668-BE54-9A1E7A4F7556}") = "SecurityService.UnitTests", "SecurityService.UnitTests\SecurityService.UnitTests.csproj", "{7B581D8A-EB93-47D4-9802-F5AA04536D00}"
EndProject
Project("{9A19103F-16F7-4668-BE54-9A1E7A4F7556}") = "SecurityService.Client", "SecurityService.Client\SecurityService.Client.csproj", "{7CC70B33-75CD-46C0-82A5-87E5E60C9535}"
EndProject
Project("{9A19103F-16F7-4668-BE54-9A1E7A4F7556}") = "SecurityService.IntegrationTests", "SecurityService.IntegrationTests\SecurityService.IntegrationTests.csproj", "{28C72B39-1803-49D7-9289-C71A620E4EF1}"
EndProject
Project("{9A19103F-16F7-4668-BE54-9A1E7A4F7556}") = "SecurityService.OpenIdConnect.IntegrationTests", "SecurityService.OpenIdConnect.IntegrationTests\SecurityService.OpenIdConnect.IntegrationTests.csproj", "{5BAEC61F-39FF-4197-A73A-A8A8B5BDFE86}"
EndProject
Project("{9A19103F-16F7-4668-BE54-9A1E7A4F7556}") = "SecurityService.SqlServerMigrations", "SecurityService.SqlServerMigrations\SecurityService.SqlServerMigrations.csproj", "{06507A50-DFDF-4842-9BA4-F70F194741D7}"
EndProject
Project("{9A19103F-16F7-4668-BE54-9A1E7A4F7556}") = "SecurityService.UserInterface", "SecurityService.UserInterface\SecurityService.UserInterface.csproj", "{DA8C3E4B-5ACB-4941-B05F-EC46D1D60CD7}"
EndProject
Project("{FAE04EC0-301F-11D3-BF4B-00C04F79EFBC}") = "SecurityService.IntegrationTesting.Helpers", "SecurityService.IntegrationTesting.Helpers\SecurityService.IntegrationTesting.Helpers.csproj", "{A06BD7CA-6CAF-48DE-BF78-D3772927951B}"
EndProject
Global
	GlobalSection(SolutionConfigurationPlatforms) = preSolution
		Debug|Any CPU = Debug|Any CPU
		Release|Any CPU = Release|Any CPU
	EndGlobalSection
	GlobalSection(ProjectConfigurationPlatforms) = postSolution
		{5840CEF3-26C0-4323-A549-5D1560B1AFFA}.Debug|Any CPU.ActiveCfg = Debug|Any CPU
		{5840CEF3-26C0-4323-A549-5D1560B1AFFA}.Debug|Any CPU.Build.0 = Debug|Any CPU
		{5840CEF3-26C0-4323-A549-5D1560B1AFFA}.Release|Any CPU.ActiveCfg = Release|Any CPU
		{5840CEF3-26C0-4323-A549-5D1560B1AFFA}.Release|Any CPU.Build.0 = Release|Any CPU
		{22896ACB-CC99-4C85-B0E1-BCECD4C6237E}.Debug|Any CPU.ActiveCfg = Debug|Any CPU
		{22896ACB-CC99-4C85-B0E1-BCECD4C6237E}.Debug|Any CPU.Build.0 = Debug|Any CPU
		{22896ACB-CC99-4C85-B0E1-BCECD4C6237E}.Release|Any CPU.ActiveCfg = Release|Any CPU
		{22896ACB-CC99-4C85-B0E1-BCECD4C6237E}.Release|Any CPU.Build.0 = Release|Any CPU
		{C2CC4428-8084-4F01-8805-C96DD5CCC8A1}.Debug|Any CPU.ActiveCfg = Debug|Any CPU
		{C2CC4428-8084-4F01-8805-C96DD5CCC8A1}.Debug|Any CPU.Build.0 = Debug|Any CPU
		{C2CC4428-8084-4F01-8805-C96DD5CCC8A1}.Release|Any CPU.ActiveCfg = Release|Any CPU
		{C2CC4428-8084-4F01-8805-C96DD5CCC8A1}.Release|Any CPU.Build.0 = Release|Any CPU
		{30AD0D29-6620-4A66-978E-4633E1771BB4}.Debug|Any CPU.ActiveCfg = Debug|Any CPU
		{30AD0D29-6620-4A66-978E-4633E1771BB4}.Debug|Any CPU.Build.0 = Debug|Any CPU
		{30AD0D29-6620-4A66-978E-4633E1771BB4}.Release|Any CPU.ActiveCfg = Release|Any CPU
		{30AD0D29-6620-4A66-978E-4633E1771BB4}.Release|Any CPU.Build.0 = Release|Any CPU
		{DACF45B4-E05C-483A-B392-D3C08D98F93E}.Debug|Any CPU.ActiveCfg = Debug|Any CPU
		{DACF45B4-E05C-483A-B392-D3C08D98F93E}.Debug|Any CPU.Build.0 = Debug|Any CPU
		{DACF45B4-E05C-483A-B392-D3C08D98F93E}.Release|Any CPU.ActiveCfg = Release|Any CPU
		{DACF45B4-E05C-483A-B392-D3C08D98F93E}.Release|Any CPU.Build.0 = Release|Any CPU
		{50CA3826-663C-423A-A872-6BFE5B43A638}.Debug|Any CPU.ActiveCfg = Debug|Any CPU
		{50CA3826-663C-423A-A872-6BFE5B43A638}.Debug|Any CPU.Build.0 = Debug|Any CPU
		{50CA3826-663C-423A-A872-6BFE5B43A638}.Release|Any CPU.ActiveCfg = Release|Any CPU
		{50CA3826-663C-423A-A872-6BFE5B43A638}.Release|Any CPU.Build.0 = Release|Any CPU
		{7B581D8A-EB93-47D4-9802-F5AA04536D00}.Debug|Any CPU.ActiveCfg = Debug|Any CPU
		{7B581D8A-EB93-47D4-9802-F5AA04536D00}.Debug|Any CPU.Build.0 = Debug|Any CPU
		{7B581D8A-EB93-47D4-9802-F5AA04536D00}.Release|Any CPU.ActiveCfg = Release|Any CPU
		{7B581D8A-EB93-47D4-9802-F5AA04536D00}.Release|Any CPU.Build.0 = Release|Any CPU
		{7CC70B33-75CD-46C0-82A5-87E5E60C9535}.Debug|Any CPU.ActiveCfg = Debug|Any CPU
		{7CC70B33-75CD-46C0-82A5-87E5E60C9535}.Debug|Any CPU.Build.0 = Debug|Any CPU
		{7CC70B33-75CD-46C0-82A5-87E5E60C9535}.Release|Any CPU.ActiveCfg = Release|Any CPU
		{7CC70B33-75CD-46C0-82A5-87E5E60C9535}.Release|Any CPU.Build.0 = Release|Any CPU
		{28C72B39-1803-49D7-9289-C71A620E4EF1}.Debug|Any CPU.ActiveCfg = Debug|Any CPU
		{28C72B39-1803-49D7-9289-C71A620E4EF1}.Debug|Any CPU.Build.0 = Debug|Any CPU
		{28C72B39-1803-49D7-9289-C71A620E4EF1}.Release|Any CPU.ActiveCfg = Release|Any CPU
		{28C72B39-1803-49D7-9289-C71A620E4EF1}.Release|Any CPU.Build.0 = Release|Any CPU
		{5BAEC61F-39FF-4197-A73A-A8A8B5BDFE86}.Debug|Any CPU.ActiveCfg = Debug|Any CPU
		{5BAEC61F-39FF-4197-A73A-A8A8B5BDFE86}.Debug|Any CPU.Build.0 = Debug|Any CPU
		{5BAEC61F-39FF-4197-A73A-A8A8B5BDFE86}.Release|Any CPU.ActiveCfg = Release|Any CPU
		{5BAEC61F-39FF-4197-A73A-A8A8B5BDFE86}.Release|Any CPU.Build.0 = Release|Any CPU
		{06507A50-DFDF-4842-9BA4-F70F194741D7}.Debug|Any CPU.ActiveCfg = Debug|Any CPU
		{06507A50-DFDF-4842-9BA4-F70F194741D7}.Debug|Any CPU.Build.0 = Debug|Any CPU
		{06507A50-DFDF-4842-9BA4-F70F194741D7}.Release|Any CPU.ActiveCfg = Release|Any CPU
		{06507A50-DFDF-4842-9BA4-F70F194741D7}.Release|Any CPU.Build.0 = Release|Any CPU
		{DA8C3E4B-5ACB-4941-B05F-EC46D1D60CD7}.Debug|Any CPU.ActiveCfg = Debug|Any CPU
		{DA8C3E4B-5ACB-4941-B05F-EC46D1D60CD7}.Debug|Any CPU.Build.0 = Debug|Any CPU
		{DA8C3E4B-5ACB-4941-B05F-EC46D1D60CD7}.Release|Any CPU.ActiveCfg = Release|Any CPU
		{DA8C3E4B-5ACB-4941-B05F-EC46D1D60CD7}.Release|Any CPU.Build.0 = Release|Any CPU
		{A06BD7CA-6CAF-48DE-BF78-D3772927951B}.Debug|Any CPU.ActiveCfg = Debug|Any CPU
		{A06BD7CA-6CAF-48DE-BF78-D3772927951B}.Debug|Any CPU.Build.0 = Debug|Any CPU
		{A06BD7CA-6CAF-48DE-BF78-D3772927951B}.Release|Any CPU.ActiveCfg = Release|Any CPU
		{A06BD7CA-6CAF-48DE-BF78-D3772927951B}.Release|Any CPU.Build.0 = Release|Any CPU
	EndGlobalSection
	GlobalSection(SolutionProperties) = preSolution
		HideSolutionNode = FALSE
	EndGlobalSection
	GlobalSection(NestedProjects) = preSolution
		{5840CEF3-26C0-4323-A549-5D1560B1AFFA} = {FBA324D4-A2B7-4539-B63E-AF254EA7DA50}
		{22896ACB-CC99-4C85-B0E1-BCECD4C6237E} = {62BD199E-BDB7-4D33-92E4-3FE97D5EBC91}
		{C2CC4428-8084-4F01-8805-C96DD5CCC8A1} = {FBA324D4-A2B7-4539-B63E-AF254EA7DA50}
		{30AD0D29-6620-4A66-978E-4633E1771BB4} = {FBA324D4-A2B7-4539-B63E-AF254EA7DA50}
		{DACF45B4-E05C-483A-B392-D3C08D98F93E} = {FBA324D4-A2B7-4539-B63E-AF254EA7DA50}
		{50CA3826-663C-423A-A872-6BFE5B43A638} = {FBA324D4-A2B7-4539-B63E-AF254EA7DA50}
		{7B581D8A-EB93-47D4-9802-F5AA04536D00} = {62BD199E-BDB7-4D33-92E4-3FE97D5EBC91}
		{7CC70B33-75CD-46C0-82A5-87E5E60C9535} = {FBA324D4-A2B7-4539-B63E-AF254EA7DA50}
		{28C72B39-1803-49D7-9289-C71A620E4EF1} = {62BD199E-BDB7-4D33-92E4-3FE97D5EBC91}
		{5BAEC61F-39FF-4197-A73A-A8A8B5BDFE86} = {62BD199E-BDB7-4D33-92E4-3FE97D5EBC91}
		{06507A50-DFDF-4842-9BA4-F70F194741D7} = {FBA324D4-A2B7-4539-B63E-AF254EA7DA50}
		{DA8C3E4B-5ACB-4941-B05F-EC46D1D60CD7} = {FBA324D4-A2B7-4539-B63E-AF254EA7DA50}
		{A06BD7CA-6CAF-48DE-BF78-D3772927951B} = {62BD199E-BDB7-4D33-92E4-3FE97D5EBC91}
	EndGlobalSection
	GlobalSection(ExtensibilityGlobals) = postSolution
		SolutionGuid = {91D97431-DF9A-4A33-860E-27734BFD4496}
	EndGlobalSection
EndGlobal
